{
  "nodes": {
    "disko": {
      "inputs": {
        "nixpkgs": [
          "nixpkgs"
        ]
      },
      "locked": {
        "lastModified": 1768923567,
        "narHash": "sha256-GVJ0jKsyXLuBzRMXCDY6D5J8wVdwP1DuQmmvYL/Vw/Q=",
        "owner": "nix-community",
        "repo": "disko",
        "rev": "00395d188e3594a1507f214a2f15d4ce5c07cb28",
        "type": "github"
      },
      "original": {
        "owner": "nix-community",
        "repo": "disko",
        "type": "github"
      }
    },
    "flake-parts": {
      "inputs": {
        "nixpkgs-lib": [
          "nixpkgs"
        ]
      },
      "locked": {
        "lastModified": 1768135262,
        "narHash": "sha256-PVvu7OqHBGWN16zSi6tEmPwwHQ4rLPU9Plvs8/1TUBY=",
        "owner": "hercules-ci",
        "repo": "flake-parts",
        "rev": "80daad04eddbbf5a4d883996a73f3f542fa437ac",
        "type": "github"
      },
      "original": {
        "owner": "hercules-ci",
        "repo": "flake-parts",
        "type": "github"
      }
    },
    "flake-utils": {
      "inputs": {
        "systems": "systems"
      },
      "locked": {
        "lastModified": 1731533236,
        "narHash": "sha256-l0KFg5HjrsfsO/JpG+r7fRrqm12kzFHyUHqHCVpMMbI=",
        "owner": "numtide",
        "repo": "flake-utils",
        "rev": "11707dc2f618dd54ca8739b309ec4fc024de578b",
        "type": "github"
      },
      "original": {
        "owner": "numtide",
        "repo": "flake-utils",
        "type": "github"
      }
    },
    "home-manager": {
      "inputs": {
        "nixpkgs": [
          "nixpkgs"
        ]
      },
      "locked": {
        "lastModified": 1769132734,
        "narHash": "sha256-gmU9cRplrQWqoback9PgQX7Dlsdx8JlhlVZwf0q1F7E=",
        "owner": "nix-community",
        "repo": "home-manager",
        "rev": "d055b309a6277343cb1033a11d7500f0a0f669fc",
        "type": "github"
      },
      "original": {
        "owner": "nix-community",
        "repo": "home-manager",
        "type": "github"
      }
    },
    "home-manager_2": {
      "inputs": {
        "nixpkgs": [
          "plasma-manager",
          "nixpkgs"
        ]
      },
      "locked": {
        "lastModified": 1756579987,
        "narHash": "sha256-duCce8zGsaMsrqqOmLOsuaV1PVIw/vXWnKuLKZClsGg=",
        "owner": "nix-community",
        "repo": "home-manager",
        "rev": "99a69bdf8a3c6bf038c4121e9c4b6e99706a187a",
        "type": "github"
      },
      "original": {
        "owner": "nix-community",
        "repo": "home-manager",
        "type": "github"
      }
    },
    "home-manager_3": {
      "inputs": {
        "nixpkgs": [
          "zen-browser",
          "nixpkgs"
        ]
      },
      "locked": {
        "lastModified": 1768434960,
        "narHash": "sha256-cJbFn17oyg6qAraLr+NVeNJrXsrzJdrudkzI4H2iTcg=",
        "owner": "nix-community",
        "repo": "home-manager",
        "rev": "b4d88c9ac42ae1a745283f6547701da43b6e9f9b",
        "type": "github"
      },
      "original": {
        "owner": "nix-community",
        "repo": "home-manager",
        "type": "github"
      }
    },
    "import-tree": {
      "locked": {
        "lastModified": 1763762820,
        "narHash": "sha256-ZvYKbFib3AEwiNMLsejb/CWs/OL/srFQ8AogkebEPF0=",
        "owner": "vic",
        "repo": "import-tree",
        "rev": "3c23749d8013ec6daa1d7255057590e9ca726646",
        "type": "github"
      },
      "original": {
        "owner": "vic",
        "repo": "import-tree",
        "type": "github"
      }
    },
    "lazyvim": {
      "inputs": {
        "flake-utils": "flake-utils",
        "nixpkgs": [
          "nixpkgs"
        ]
      },
      "locked": {
        "lastModified": 1769047368,
        "narHash": "sha256-GoGdNME8jCc4BnlsVgdIkCKo2QWjz1RFa5qDYrMOlXY=",
        "owner": "pfassina",
        "repo": "lazyvim-nix",
        "rev": "36495fe978074b6c8a875e630d7fd7267f562401",
        "type": "github"
      },
      "original": {
        "owner": "pfassina",
        "repo": "lazyvim-nix",
        "type": "github"
      }
    },
    "niri": {
      "inputs": {
        "niri-stable": "niri-stable",
        "niri-unstable": "niri-unstable",
        "nixpkgs": [
          "nixpkgs"
        ],
        "nixpkgs-stable": "nixpkgs-stable",
        "xwayland-satellite-stable": "xwayland-satellite-stable",
        "xwayland-satellite-unstable": "xwayland-satellite-unstable"
      },
      "locked": {
        "lastModified": 1769170609,
        "narHash": "sha256-LiyaKNga2z/iG4pNr86iQLySEDoOytEzTCblxzRjnCk=",
        "owner": "sodiboo",
        "repo": "niri-flake",
        "rev": "08d6e6adf34b0af12be7eaeacc0b4c1a8580b3da",
        "type": "github"
      },
      "original": {
        "owner": "sodiboo",
        "repo": "niri-flake",
        "type": "github"
      }
    },
    "niri-stable": {
      "flake": false,
      "locked": {
        "lastModified": 1756556321,
        "narHash": "sha256-RLD89dfjN0RVO86C/Mot0T7aduCygPGaYbog566F0Qo=",
        "owner": "YaLTeR",
        "repo": "niri",
        "rev": "01be0e65f4eb91a9cd624ac0b76aaeab765c7294",
        "type": "github"
      },
      "original": {
        "owner": "YaLTeR",
        "ref": "v25.08",
        "repo": "niri",
        "type": "github"
      }
    },
    "niri-unstable": {
      "flake": false,
      "locked": {
        "lastModified": 1768678265,
        "narHash": "sha256-Ub8eed4DsfIDWyg30xEe+8bSxL/z5Af/gCjmvJ0V/Hs=",
        "owner": "YaLTeR",
        "repo": "niri",
        "rev": "d7184a04b904e07113f4623610775ae78d32394c",
        "type": "github"
      },
      "original": {
        "owner": "YaLTeR",
        "repo": "niri",
        "type": "github"
      }
    },
    "nix-flatpak": {
      "locked": {
        "lastModified": 1768656715,
        "narHash": "sha256-Sbh037scxKFm7xL0ahgSCw+X2/5ZKeOwI2clqrYr9j4=",
        "owner": "gmodena",
        "repo": "nix-flatpak",
        "rev": "123fe29340a5b8671367055b75a6e7c320d6f89a",
        "type": "github"
      },
      "original": {
        "owner": "gmodena",
        "repo": "nix-flatpak",
        "type": "github"
      }
    },
    "nixpkgs": {
      "locked": {
        "lastModified": 1769018530,
        "narHash": "sha256-MJ27Cy2NtBEV5tsK+YraYr2g851f3Fl1LpNHDzDX15c=",
        "owner": "NixOS",
        "repo": "nixpkgs",
        "rev": "88d3861acdd3d2f0e361767018218e51810df8a1",
        "type": "github"
      },
      "original": {
        "owner": "NixOS",
        "ref": "nixos-unstable",
        "repo": "nixpkgs",
        "type": "github"
      }
    },
    "nixpkgs-master": {
      "locked": {
        "lastModified": 1769179125,
        "narHash": "sha256-91JTTPobxKb6mAB5qPTs5J4ZoF+UCvhKIpgDGziD+Yg=",
        "owner": "NixOS",
        "repo": "nixpkgs",
        "rev": "aef71eac9ac98ff5a7f75505945643fe4646d93d",
        "type": "github"
      },
      "original": {
        "owner": "NixOS",
        "ref": "master",
        "repo": "nixpkgs",
        "type": "github"
      }
    },
    "nixpkgs-stable": {
      "locked": {
        "lastModified": 1769089682,
        "narHash": "sha256-9yA/LIuAVQq0lXelrZPjLuLVuZdm03p8tfmHhnDIkms=",
        "owner": "NixOS",
        "repo": "nixpkgs",
        "rev": "078d69f03934859a181e81ba987c2bb033eebfc5",
        "type": "github"
      },
      "original": {
        "owner": "NixOS",
        "ref": "nixos-25.11",
        "repo": "nixpkgs",
        "type": "github"
      }
    },
    "plasma-manager": {
      "inputs": {
        "home-manager": "home-manager_2",
        "nixpkgs": [
          "nixpkgs"
        ]
      },
      "locked": {
        "lastModified": 1767662275,
        "narHash": "sha256-d5Q1GmQ+sW1Bt8cgDE0vOihzLaswsm8cSdg8124EqXE=",
        "owner": "nix-community",
        "repo": "plasma-manager",
        "rev": "51816be33a1ff0d4b22427de83222d5bfa96d30e",
        "type": "github"
      },
      "original": {
        "owner": "nix-community",
        "repo": "plasma-manager",
        "type": "github"
      }
    },
    "root": {
      "inputs": {
        "disko": "disko",
        "flake-parts": "flake-parts",
        "home-manager": "home-manager",
        "import-tree": "import-tree",
        "lazyvim": "lazyvim",
        "niri": "niri",
        "nix-flatpak": "nix-flatpak",
        "nixpkgs": "nixpkgs",
        "nixpkgs-master": "nixpkgs-master",
        "plasma-manager": "plasma-manager",
        "sops-nix": "sops-nix",
        "systems": "systems_2",
        "zen-browser": "zen-browser"
      }
    },
    "sops-nix": {
      "inputs": {
        "nixpkgs": [
          "nixpkgs"
        ]
      },
      "locked": {
        "lastModified": 1768863606,
        "narHash": "sha256-1IHAeS8WtBiEo5XiyJBHOXMzECD6aaIOJmpQKzRRl64=",
        "owner": "Mic92",
        "repo": "sops-nix",
        "rev": "c7067be8db2c09ab1884de67ef6c4f693973f4a2",
        "type": "github"
      },
      "original": {
        "owner": "Mic92",
        "repo": "sops-nix",
        "type": "github"
      }
    },
    "systems": {
      "locked": {
        "lastModified": 1681028828,
        "narHash": "sha256-Vy1rq5AaRuLzOxct8nz4T6wlgyUR7zLU309k9mBC768=",
        "owner": "nix-systems",
        "repo": "default",
        "rev": "da67096a3b9bf56a91d16901293e51ba5b49a27e",
        "type": "github"
      },
      "original": {
        "owner": "nix-systems",
        "repo": "default",
        "type": "github"
      }
    },
    "systems_2": {
      "locked": {
        "lastModified": 1681028828,
        "narHash": "sha256-Vy1rq5AaRuLzOxct8nz4T6wlgyUR7zLU309k9mBC768=",
        "owner": "nix-systems",
        "repo": "default",
        "rev": "da67096a3b9bf56a91d16901293e51ba5b49a27e",
        "type": "github"
      },
      "original": {
        "owner": "nix-systems",
        "repo": "default",
        "type": "github"
      }
    },
    "xwayland-satellite-stable": {
      "flake": false,
      "locked": {
        "lastModified": 1755491097,
        "narHash": "sha256-m+9tUfsmBeF2Gn4HWa6vSITZ4Gz1eA1F5Kh62B0N4oE=",
        "owner": "Supreeeme",
        "repo": "xwayland-satellite",
        "rev": "388d291e82ffbc73be18169d39470f340707edaa",
        "type": "github"
      },
      "original": {
        "owner": "Supreeeme",
        "ref": "v0.7",
        "repo": "xwayland-satellite",
        "type": "github"
      }
    },
    "xwayland-satellite-unstable": {
      "flake": false,
      "locked": {
        "lastModified": 1768765571,
        "narHash": "sha256-C1JbyJ3ftogmN3vmLNfyPtnJw2wY64TiUTIhFtk1Leg=",
        "owner": "Supreeeme",
        "repo": "xwayland-satellite",
        "rev": "ed1cef792b4def3321ff9ab5479df09609f17a69",
        "type": "github"
      },
      "original": {
        "owner": "Supreeeme",
        "repo": "xwayland-satellite",
        "type": "github"
      }
    },
    "zen-browser": {
      "inputs": {
        "home-manager": "home-manager_3",
        "nixpkgs": [
          "nixpkgs"
        ]
      },
      "locked": {
        "lastModified": 1769059766,
        "narHash": "sha256-u95Qe60mF3eoEqrd0tIej4A8TDWoc/N4ZjZ60npplgw=",
        "owner": "0xc000022070",
        "repo": "zen-browser-flake",
        "rev": "dc0483a6e3ff1ffb04ad77d26c1a4458f4cf82d6",
        "type": "github"
      },
      "original": {
        "owner": "0xc000022070",
        "repo": "zen-browser-flake",
        "type": "github"
      }
    }
  },
  "root": "root",
  "version": 7
}
